
Microsoft Visual Studio Solution File, Format Version 12.00
# Visual Studio Version 16
VisualStudioVersion = 16.0.29613.14
MinimumVisualStudioVersion = 10.0.40219.1
Project("{FAE04EC0-301F-11D3-BF4B-00C04F79EFBC}") = "Firestorage", "Firestorage\Firestorage.csproj", "{1060E65C-290F-437D-99D3-A7B1933B9B42}"
EndProject
Global
	GlobalSection(SolutionConfigurationPlatforms) = preSolution
		Debug|Any CPU = Debug|Any CPU
		Release|Any CPU = Release|Any CPU
	EndGlobalSection
	GlobalSection(ProjectConfigurationPlatforms) = postSolution
		{1060E65C-290F-437D-99D3-A7B1933B9B42}.Debug|Any CPU.ActiveCfg = Debug|Any CPU
		{1060E65C-290F-437D-99D3-A7B1933B9B42}.Debug|Any CPU.Build.0 = Debug|Any CPU
		{1060E65C-290F-437D-99D3-A7B1933B9B42}.Release|Any CPU.ActiveCfg = Release|Any CPU
		{1060E65C-290F-437D-99D3-A7B1933B9B42}.Release|Any CPU.Build.0 = Release|Any CPU
	EndGlobalSection
	GlobalSection(SolutionProperties) = preSolution
		HideSolutionNode = FALSE
	EndGlobalSection
	GlobalSection(ExtensibilityGlobals) = postSolution
		SolutionGuid = {AAE9F7D1-DBBF-42AF-9A66-3F31B92F40BC}
	EndGlobalSection
EndGlobal
